
Microsoft Visual Studio Solution File, Format Version 12.00
# Visual Studio Version 16
VisualStudioVersion = 16.0.30717.126
MinimumVisualStudioVersion = 10.0.40219.1
Project("{9A19103F-16F7-4668-BE54-9A1E7A4F7556}") = "Day1", "Day1\Day1.csproj", "{A9395DCE-B11A-437B-9218-DD513FBF19B3}"
EndProject
Project("{9A19103F-16F7-4668-BE54-9A1E7A4F7556}") = "Day2", "Day2\Day2.csproj", "{F2FE48A9-16A7-407F-AC1E-326D8A033797}"
EndProject
Project("{9A19103F-16F7-4668-BE54-9A1E7A4F7556}") = "Day3", "Day3\Day3.csproj", "{7F69289D-40DF-46FB-BF6B-DBA4C83E5401}"
EndProject
Project("{9A19103F-16F7-4668-BE54-9A1E7A4F7556}") = "Day4", "Day4\Day4.csproj", "{77AFF2F5-609C-413C-8465-6DA5AFA21761}"
EndProject
Project("{9A19103F-16F7-4668-BE54-9A1E7A4F7556}") = "Day5", "Day5\Day5.csproj", "{4D3CEF19-888E-4B44-B161-6E04A6E786D0}"
EndProject
Project("{9A19103F-16F7-4668-BE54-9A1E7A4F7556}") = "Day6", "Day6\Day6.csproj", "{B9D1F312-D84A-4962-A890-3E5C1DCF114B}"
EndProject
Project("{9A19103F-16F7-4668-BE54-9A1E7A4F7556}") = "Day7", "Day7\Day7.csproj", "{E21C9B76-814D-455D-AB02-6B38BD68151A}"
EndProject
Project("{FAE04EC0-301F-11D3-BF4B-00C04F79EFBC}") = "Day8", "Day8\Day8.csproj", "{F8AFA06E-1120-4F6E-B63C-E5DC800BFA88}"
EndProject
Project("{FAE04EC0-301F-11D3-BF4B-00C04F79EFBC}") = "Day9", "Day9\Day9.csproj", "{0D6B942D-1E75-41CC-9DE3-0AA1F1511767}"
EndProject
Global
	GlobalSection(SolutionConfigurationPlatforms) = preSolution
		Debug|Any CPU = Debug|Any CPU
		Release|Any CPU = Release|Any CPU
	EndGlobalSection
	GlobalSection(ProjectConfigurationPlatforms) = postSolution
		{A9395DCE-B11A-437B-9218-DD513FBF19B3}.Debug|Any CPU.ActiveCfg = Debug|Any CPU
		{A9395DCE-B11A-437B-9218-DD513FBF19B3}.Debug|Any CPU.Build.0 = Debug|Any CPU
		{A9395DCE-B11A-437B-9218-DD513FBF19B3}.Release|Any CPU.ActiveCfg = Release|Any CPU
		{A9395DCE-B11A-437B-9218-DD513FBF19B3}.Release|Any CPU.Build.0 = Release|Any CPU
		{F2FE48A9-16A7-407F-AC1E-326D8A033797}.Debug|Any CPU.ActiveCfg = Debug|Any CPU
		{F2FE48A9-16A7-407F-AC1E-326D8A033797}.Debug|Any CPU.Build.0 = Debug|Any CPU
		{F2FE48A9-16A7-407F-AC1E-326D8A033797}.Release|Any CPU.ActiveCfg = Release|Any CPU
		{F2FE48A9-16A7-407F-AC1E-326D8A033797}.Release|Any CPU.Build.0 = Release|Any CPU
		{7F69289D-40DF-46FB-BF6B-DBA4C83E5401}.Debug|Any CPU.ActiveCfg = Debug|Any CPU
		{7F69289D-40DF-46FB-BF6B-DBA4C83E5401}.Debug|Any CPU.Build.0 = Debug|Any CPU
		{7F69289D-40DF-46FB-BF6B-DBA4C83E5401}.Release|Any CPU.ActiveCfg = Release|Any CPU
		{7F69289D-40DF-46FB-BF6B-DBA4C83E5401}.Release|Any CPU.Build.0 = Release|Any CPU
		{77AFF2F5-609C-413C-8465-6DA5AFA21761}.Debug|Any CPU.ActiveCfg = Debug|Any CPU
		{77AFF2F5-609C-413C-8465-6DA5AFA21761}.Debug|Any CPU.Build.0 = Debug|Any CPU
		{77AFF2F5-609C-413C-8465-6DA5AFA21761}.Release|Any CPU.ActiveCfg = Release|Any CPU
		{77AFF2F5-609C-413C-8465-6DA5AFA21761}.Release|Any CPU.Build.0 = Release|Any CPU
		{4D3CEF19-888E-4B44-B161-6E04A6E786D0}.Debug|Any CPU.ActiveCfg = Debug|Any CPU
		{4D3CEF19-888E-4B44-B161-6E04A6E786D0}.Debug|Any CPU.Build.0 = Debug|Any CPU
		{4D3CEF19-888E-4B44-B161-6E04A6E786D0}.Release|Any CPU.ActiveCfg = Release|Any CPU
		{4D3CEF19-888E-4B44-B161-6E04A6E786D0}.Release|Any CPU.Build.0 = Release|Any CPU
		{B9D1F312-D84A-4962-A890-3E5C1DCF114B}.Debug|Any CPU.ActiveCfg = Debug|Any CPU
		{B9D1F312-D84A-4962-A890-3E5C1DCF114B}.Debug|Any CPU.Build.0 = Debug|Any CPU
		{B9D1F312-D84A-4962-A890-3E5C1DCF114B}.Release|Any CPU.ActiveCfg = Release|Any CPU
		{B9D1F312-D84A-4962-A890-3E5C1DCF114B}.Release|Any CPU.Build.0 = Release|Any CPU
		{E21C9B76-814D-455D-AB02-6B38BD68151A}.Debug|Any CPU.ActiveCfg = Debug|Any CPU
		{E21C9B76-814D-455D-AB02-6B38BD68151A}.Debug|Any CPU.Build.0 = Debug|Any CPU
		{E21C9B76-814D-455D-AB02-6B38BD68151A}.Release|Any CPU.ActiveCfg = Release|Any CPU
		{E21C9B76-814D-455D-AB02-6B38BD68151A}.Release|Any CPU.Build.0 = Release|Any CPU
		{F8AFA06E-1120-4F6E-B63C-E5DC800BFA88}.Debug|Any CPU.ActiveCfg = Debug|Any CPU
		{F8AFA06E-1120-4F6E-B63C-E5DC800BFA88}.Debug|Any CPU.Build.0 = Debug|Any CPU
		{F8AFA06E-1120-4F6E-B63C-E5DC800BFA88}.Release|Any CPU.ActiveCfg = Release|Any CPU
		{F8AFA06E-1120-4F6E-B63C-E5DC800BFA88}.Release|Any CPU.Build.0 = Release|Any CPU
		{0D6B942D-1E75-41CC-9DE3-0AA1F1511767}.Debug|Any CPU.ActiveCfg = Debug|Any CPU
		{0D6B942D-1E75-41CC-9DE3-0AA1F1511767}.Debug|Any CPU.Build.0 = Debug|Any CPU
		{0D6B942D-1E75-41CC-9DE3-0AA1F1511767}.Release|Any CPU.ActiveCfg = Release|Any CPU
		{0D6B942D-1E75-41CC-9DE3-0AA1F1511767}.Release|Any CPU.Build.0 = Release|Any CPU
	EndGlobalSection
	GlobalSection(SolutionProperties) = preSolution
		HideSolutionNode = FALSE
	EndGlobalSection
	GlobalSection(ExtensibilityGlobals) = postSolution
		SolutionGuid = {1BCA4E9D-6E7B-4F37-9362-6A35A2B291FE}
	EndGlobalSection
EndGlobal
